lockfileVersion: '9.0'

settings:
  autoInstallPeers: true
  excludeLinksFromLockfile: false

importers:

  .:
    dependencies:
      '@aws-sdk/client-s3':
        specifier: ^3.1079.0
        version: 3.1079.0
      ajv:
        specifier: ^8.20.0
        version: 8.20.0
      ajv-formats:
        specifier: ^3.0.1
        version: 3.0.1(ajv@8.20.0)
    devDependencies:
      prettier:
        specifier: ^3.9.4
        version: 3.9.4

packages:

  '@aws-sdk/checksums@3.1000.12':
    resolution: {integrity: sha512-RgNDWfhNRIlNEzePIRrYTNi/6q+wwRMMapojn8YVzw4ZcJRa/gxVMtUbeZARR1gmopuv6oIhMbY7J66qIQ0ynw==}
    engines: {node: '>=20.0.0'}

  '@aws-sdk/client-s3@3.1079.0':
    resolution: {integrity: sha512-di9U/7Po7qlVYb2dq58ULsbBAE1pBIk53rux+50LQCvH1X+/l1Ys+BIk/QLBtdaK1nADk0xRNEBbA1QWVnMccw==}
    engines: {node: '>=20.0.0'}

  '@aws-sdk/core@3.974.27':
    resolution: {integrity: sha512-WRWEgIq6vx+NU6ot3VrRu4Jovj9MIObitSi6of/GV5THDDPccBhivCRNkWJutMM+m3GvdeI3l/UbGNcoOobxOA==}
    engines: {node: '>=20.0.0'}

  '@aws-sdk/credential-provider-env@3.972.53':
    resolution: {integrity: sha512-+KDA3uc/HZ1vIneGu5QMQb0gAXDYrm2vOE60+BJ7lS0YinMQ5i2oV4PR1A16XkF6K1IbSwjEHd1hQIIgMsK48w==}
    engines: {node: '>=20.0.0'}

  '@aws-sdk/credential-provider-http@3.972.55':
    resolution: {integrity: sha512-1gBfkWY3RWeBlCoB9lIJjXMx45/54wxcgfzv6BY9otTmMrZPcNPi1v+MwZxxaCUg441NV3jsr1efnFNCXiW70g==}
    engines: {node: '>=20.0.0'}

  '@aws-sdk/credential-provider-ini@3.972.60':
    resolution: {integrity: sha512-CV2md+PXvABwRjApWGhQ0wACy9WSFIhnUGrovLcjnjBCd/46TbuivLADtkF8IWNjtCQmQ+2IagSaxqBYqXBNAQ==}
    engines: {node: '>=20.0.0'}

  '@aws-sdk/credential-provider-login@3.972.59':
    resolution: {integrity: sha512-JG4S9yyA1GFzJdJXqLKrUzZbyK+VDp2QIsJD7YOicJHAhqymfHpDJIok2dLnhOdVB0I37RjdC53uOwCMVS00gw==}
    engines: {node: '>=20.0.0'}

  '@aws-sdk/credential-provider-node@3.972.62':
    resolution: {integrity: sha512-S6Slq3Tx7bvFk5yc34XNADyZYTX2HUXvaFAnowGRQnhjBO8J/mP62Fn7lxvJwjaDyYm/7gh9h6HEHaltRyMFXw==}
    engines: {node: '>=20.0.0'}

  '@aws-sdk/credential-provider-process@3.972.53':
    resolution: {integrity: sha512-EhfH+MQlqOMCkXIVa8MMObPzAQqwTTtxA7KhEJiyPeuNVA8PLOOUpgK7nBrgaDaGiIDLN/9LpGdaHuDjomeRTw==}
    engines: {node: '>=20.0.0'}

  '@aws-sdk/credential-provider-sso@3.972.59':
    resolution: {integrity: sha512-h8793pOjcImx0SB+VcLONcaQQ57VAvKVuqyewQMRKqqH+CSXsG2dwOeLMUJPMxLdNvL7dXOM0ueTukyNUnu5mA==}
    engines: {node: '>=20.0.0'}

  '@aws-sdk/credential-provider-web-identity@3.972.59':
    resolution: {integrity: sha512-VoyO9+vl3XVmpZwn4obskrWIkrA/Jf3lSe1E3ZERlaN9u0D4YZ6+HywC3+L98QOXqZesEfedk67gRER8tK8+8w==}
    engines: {node: '>=20.0.0'}

  '@aws-sdk/middleware-sdk-s3@3.972.58':
    resolution: {integrity: sha512-6uaWRRYJGhOqc9EoTSbLDf9nI/doSAb5vAwGshs5/Hlv5Ce25b246lBkbRd/77fLAi+uMI1a70mJzVyLyCEufQ==}
    engines: {node: '>=20.0.0'}

  '@aws-sdk/nested-clients@3.997.27':
    resolution: {integrity: sha512-A8PIePF9NIIOJ/4Lg1rl9xm/+QaKkHGetq+Z9wb5B+3Da31YYXRo8n7IDMh5C+HQI5eyEmjrwkGWVdYtnLtbXQ==}
    engines: {node: '>=20.0.0'}

  '@aws-sdk/signature-v4-multi-region@3.996.38':
    resolution: {integrity: sha512-C379Sk+MiFZCfWZphKlMyLHKxV22OjoGM5KJjj5IJNJcOCWL4IGIpnEGzv1FQiRwhYXfq55SJMfxlqPE08JJ9g==}
    engines: {node: '>=20.0.0'}

  '@aws-sdk/token-providers@3.1079.0':
    resolution: {integrity: sha512-cbietrLlHPhhmbnMPTuDS4Zj/KNGhY+3vVhn6dwjO6Dqzrwothzg2srtcY34T9mlICsTXn34avDoWLHSntP54A==}
    engines: {node: '>=20.0.0'}

  '@aws-sdk/types@3.973.15':
    resolution: {integrity: sha512-IULn8uBV/SMtmOIANsm4WHXIOtVPBWfOWs3WGL0j/sI+KhaYehvOw0ET+9urnn8MBpiijuU/0JOpuwKOE451PQ==}
    engines: {node: '>=20.0.0'}

  '@aws-sdk/xml-builder@3.972.33':
    resolution: {integrity: sha512-ezbwz9WpuLctm6o7P2t2naDhVVPI5jFGrVefVybhcKGjU57VIyT46pQVO0RI2RYkUdhdj2Z9uSIlAzGZE9NW9A==}
    engines: {node: '>=20.0.0'}

  '@aws/lambda-invoke-store@0.3.0':
    resolution: {integrity: sha512-sl4Bm6yiMNYrZKkqqDFWN0UfnWhlS8ivKxrYl+6t0gCLrqr8y3B2IqZZbFRkfaVVp7C/baApyh71P+LeE1A2sQ==}
    engines: {node: '>=18.0.0'}

  '@smithy/core@3.29.1':
    resolution: {integrity: sha512-qoiY4nrk5OCu1+eIR1VB8l5DmON/oKiqrd5zZFAhXJXjJlLWQusKEW/SkBDAtGDcPaz86m9kfcE1lngU0GlM6A==}
    engines: {node: '>=18.0.0'}

  '@smithy/credential-provider-imds@4.4.6':
    resolution: {integrity: sha512-B2WQ/PV/H6Jeg3lrIq6bKUfa6Hy01mtK7CGs6lhjzHA6k4aagldH6T6eEjnzKl4HI0cJnAsxfJ19pgb5PV+CVQ==}
    engines: {node: '>=18.0.0'}

  '@smithy/fetch-http-handler@5.6.3':
    resolution: {integrity: sha512-CwCc/7SMTj45y97MUnDTbTaxvtAsiNNRm81z3abROIuMbMsC2Iy5EKfkkVdsKrz8WExQAAMx1EJapq+9j4fFTQ==}
    engines: {node: '>=18.0.0'}

  '@smithy/node-http-handler@4.9.3':
    resolution: {integrity: sha512-qZTa4gQFUo8RM02rk6q5UVTDLNrQ1oS20LsepBzqq1QBVc/EHJ03OOUADcqMZiXHArW+Y7+OGY0BpdTwZRq/Yg==}
    engines: {node: '>=18.0.0'}

  '@smithy/signature-v4@5.6.2':
    resolution: {integrity: sha512-QgHflghMoPxCJ9axiCVh8KZfbC9fuP6vkXXyK//E3cq7nLaSSyyLj0GAoqVWezYeDQmXIZhmlRvLE16jsqDK6g==}
    engines: {node: '>=18.0.0'}

  '@smithy/types@4.15.1':
    resolution: {integrity: sha512-x3L0XSACF6UYzKpa9biqiRMgvH5+wnFFew9Tm/grFYqgaupPwx/+ojDPpPJM8dZON3S9tjz5U+PQYsCBd1Mw5Q==}
    engines: {node: '>=18.0.0'}

  ajv-formats@3.0.1:
    resolution: {integrity: sha512-8iUql50EUR+uUcdRQ3HDqa6EVyo3docL8g5WJ3FNcWmu62IbkGUue/pEyLBW8VGKKucTPgqeks4fIU1DA4yowQ==}
    peerDependencies:
      ajv: ^8.0.0
    peerDependenciesMeta:
      ajv:
        optional: true

  ajv@8.20.0:
    resolution: {integrity: sha512-Thbli+OlOj+iMPYFBVBfJ3OmCAnaSyNn4M1vz9T6Gka5Jt9ba/HIR56joy65tY6kx/FCF5VXNB819Y7/GUrBGA==}

  bowser@2.14.1:
    resolution: {integrity: sha512-tzPjzCxygAKWFOJP011oxFHs57HzIhOEracIgAePE4pqB3LikALKnSzUyU4MGs9/iCEUuHlAJTjTc5M+u7YEGg==}

  fast-deep-equal@3.1.3:
    resolution: {integrity: sha512-f3qQ9oQy9j2AhBe/H9VC91wLmKBCCU/gDOnKNAYG5hswO7BLKj09Hc5HYNz9cGI++xlpDCIgDaitVs03ATR84Q==}

  fast-uri@3.1.3:
    resolution: {integrity: sha512-i70LwGWUduXqzicKXWshooq+sWL1K3WUU5rKZNG/0i3a1OSoX3HqhH5WbWwTmqWfor4urUakGPiRQcleRZTwOg==}

  json-schema-traverse@1.0.0:
    resolution: {integrity: sha512-NM8/P9n3XjXhIZn1lLhkFaACTOURQXjWhV4BA/RnOv8xvgqtqpAX9IO4mRQxSx1Rlo4tqzeqb0sOlruaOy3dug==}

  prettier@3.9.4:
    resolution: {integrity: sha512-yWG/o/4oJfo036EKAfK6ACAoDOfHeRHx4tuxkfBZiauURiaSmYwlpOr5LQqKtIkRD2z1PLteme2WoxEnj4tHTg==}
    engines: {node: '>=14'}
    hasBin: true

  require-from-string@2.0.2:
    resolution: {integrity: sha512-Xf0nWe6RseziFMu+Ap9biiUbmplq6S9/p+7w7YXP/JBHhrUDDUhwa+vANyubuqfZWTveU//DYVGsDG7RKL/vEw==}
    engines: {node: '>=0.10.0'}

  tslib@2.8.1:
    resolution: {integrity: sha512-oJFu94HQb+KVduSUQL7wnpmqnfmLsOA/nAh6b6EH0wCEoK0/mPeXU6c3wKDV83MkOuHPRHtSXKKU99IBazS/2w==}

snapshots:

  '@aws-sdk/checksums@3.1000.12':
    dependencies:
      '@aws-sdk/core': 3.974.27
      '@aws-sdk/types': 3.973.15
      '@smithy/core': 3.29.1
      '@smithy/types': 4.15.1
      tslib: 2.8.1

  '@aws-sdk/client-s3@3.1079.0':
    dependencies:
      '@aws-sdk/checksums': 3.1000.12
      '@aws-sdk/core': 3.974.27
      '@aws-sdk/credential-provider-node': 3.972.62
      '@aws-sdk/middleware-sdk-s3': 3.972.58
      '@aws-sdk/signature-v4-multi-region': 3.996.38
      '@aws-sdk/types': 3.973.15
      '@smithy/core': 3.29.1
      '@smithy/fetch-http-handler': 5.6.3
      '@smithy/node-http-handler': 4.9.3
      '@smithy/types': 4.15.1
      tslib: 2.8.1

  '@aws-sdk/core@3.974.27':
    dependencies:
      '@aws-sdk/types': 3.973.15
      '@aws-sdk/xml-builder': 3.972.33
      '@aws/lambda-invoke-store': 0.3.0
      '@smithy/core': 3.29.1
      '@smithy/signature-v4': 5.6.2
      '@smithy/types': 4.15.1
      bowser: 2.14.1
      tslib: 2.8.1

  '@aws-sdk/credential-provider-env@3.972.53':
    dependencies:
      '@aws-sdk/core': 3.974.27
      '@aws-sdk/types': 3.973.15
      '@smithy/core': 3.29.1
      '@smithy/types': 4.15.1
      tslib: 2.8.1

  '@aws-sdk/credential-provider-http@3.972.55':
    dependencies:
      '@aws-sdk/core': 3.974.27
      '@aws-sdk/types': 3.973.15
      '@smithy/core': 3.29.1
      '@smithy/fetch-http-handler': 5.6.3
      '@smithy/node-http-handler': 4.9.3
      '@smithy/types': 4.15.1
      tslib: 2.8.1

  '@aws-sdk/credential-provider-ini@3.972.60':
    dependencies:
      '@aws-sdk/core': 3.974.27
      '@aws-sdk/credential-provider-env': 3.972.53
      '@aws-sdk/credential-provider-http': 3.972.55
      '@aws-sdk/credential-provider-login': 3.972.59
      '@aws-sdk/credential-provider-process': 3.972.53
      '@aws-sdk/credential-provider-sso': 3.972.59
      '@aws-sdk/credential-provider-web-identity': 3.972.59
      '@aws-sdk/nested-clients': 3.997.27
      '@aws-sdk/types': 3.973.15
      '@smithy/core': 3.29.1
      '@smithy/credential-provider-imds': 4.4.6
      '@smithy/types': 4.15.1
      tslib: 2.8.1

  '@aws-sdk/credential-provider-login@3.972.59':
    dependencies:
      '@aws-sdk/core': 3.974.27
      '@aws-sdk/nested-clients': 3.997.27
      '@aws-sdk/types': 3.973.15
      '@smithy/core': 3.29.1
      '@smithy/types': 4.15.1
      tslib: 2.8.1

  '@aws-sdk/credential-provider-node@3.972.62':
    dependencies:
      '@aws-sdk/credential-provider-env': 3.972.53
      '@aws-sdk/credential-provider-http': 3.972.55
      '@aws-sdk/credential-provider-ini': 3.972.60
      '@aws-sdk/credential-provider-process': 3.972.53
      '@aws-sdk/credential-provider-sso': 3.972.59
      '@aws-sdk/credential-provider-web-identity': 3.972.59
      '@aws-sdk/types': 3.973.15
      '@smithy/core': 3.29.1
      '@smithy/credential-provider-imds': 4.4.6
      '@smithy/types': 4.15.1
      tslib: 2.8.1

  '@aws-sdk/credential-provider-process@3.972.53':
    dependencies:
      '@aws-sdk/core': 3.974.27
      '@aws-sdk/types': 3.973.15
      '@smithy/core': 3.29.1
      '@smithy/types': 4.15.1
      tslib: 2.8.1

  '@aws-sdk/credential-provider-sso@3.972.59':
    dependencies:
      '@aws-sdk/core': 3.974.27
      '@aws-sdk/nested-clients': 3.997.27
      '@aws-sdk/token-providers': 3.1079.0
      '@aws-sdk/types': 3.973.15
      '@smithy/core': 3.29.1
      '@smithy/types': 4.15.1
      tslib: 2.8.1

  '@aws-sdk/credential-provider-web-identity@3.972.59':
    dependencies:
      '@aws-sdk/core': 3.974.27
      '@aws-sdk/nested-clients': 3.997.27
      '@aws-sdk/types': 3.973.15
      '@smithy/core': 3.29.1
      '@smithy/types': 4.15.1
      tslib: 2.8.1

  '@aws-sdk/middleware-sdk-s3@3.972.58':
    dependencies:
      '@aws-sdk/core': 3.974.27
      '@aws-sdk/signature-v4-multi-region': 3.996.38
      '@aws-sdk/types': 3.973.15
      '@smithy/core': 3.29.1
      '@smithy/types': 4.15.1
      tslib: 2.8.1

  '@aws-sdk/nested-clients@3.997.27':
    dependencies:
      '@aws-sdk/core': 3.974.27
      '@aws-sdk/signature-v4-multi-region': 3.996.38
      '@aws-sdk/types': 3.973.15
      '@smithy/core': 3.29.1
      '@smithy/fetch-http-handler': 5.6.3
      '@smithy/node-http-handler': 4.9.3
      '@smithy/types': 4.15.1
      tslib: 2.8.1

  '@aws-sdk/signature-v4-multi-region@3.996.38':
    dependencies:
      '@aws-sdk/types': 3.973.15
      '@smithy/signature-v4': 5.6.2
      '@smithy/types': 4.15.1
      tslib: 2.8.1

  '@aws-sdk/token-providers@3.1079.0':
    dependencies:
      '@aws-sdk/core': 3.974.27
      '@aws-sdk/nested-clients': 3.997.27
      '@aws-sdk/types': 3.973.15
      '@smithy/core': 3.29.1
      '@smithy/types': 4.15.1
      tslib: 2.8.1

  '@aws-sdk/types@3.973.15':
    dependencies:
      '@smithy/types': 4.15.1
      tslib: 2.8.1

  '@aws-sdk/xml-builder@3.972.33':
    dependencies:
      '@smithy/types': 4.15.1
      tslib: 2.8.1

  '@aws/lambda-invoke-store@0.3.0': {}

  '@smithy/core@3.29.1':
    dependencies:
      '@smithy/types': 4.15.1
      tslib: 2.8.1

  '@smithy/credential-provider-imds@4.4.6':
    dependencies:
      '@smithy/core': 3.29.1
      '@smithy/types': 4.15.1
      tslib: 2.8.1

  '@smithy/fetch-http-handler@5.6.3':
    dependencies:
      '@smithy/core': 3.29.1
      '@smithy/types': 4.15.1
      tslib: 2.8.1

  '@smithy/node-http-handler@4.9.3':
    dependencies:
      '@smithy/core': 3.29.1
      '@smithy/types': 4.15.1
      tslib: 2.8.1

  '@smithy/signature-v4@5.6.2':
    dependencies:
      '@smithy/core': 3.29.1
      '@smithy/types': 4.15.1
      tslib: 2.8.1

  '@smithy/types@4.15.1':
    dependencies:
      tslib: 2.8.1

  ajv-formats@3.0.1(ajv@8.20.0):
    optionalDependencies:
      ajv: 8.20.0

  ajv@8.20.0:
    dependencies:
      fast-deep-equal: 3.1.3
      fast-uri: 3.1.3
      json-schema-traverse: 1.0.0
      require-from-string: 2.0.2

  bowser@2.14.1: {}

  fast-deep-equal@3.1.3: {}

  fast-uri@3.1.3: {}

  json-schema-traverse@1.0.0: {}

  prettier@3.9.4: {}

  require-from-string@2.0.2: {}

  tslib@2.8.1: {}
